
Microsoft Visual Studio Solution File, Format Version 12.00
# Visual Studio Version 17
VisualStudioVersion = 17.5.33530.505
MinimumVisualStudioVersion = 10.0.40219.1
Project("{FAE04EC0-301F-11D3-BF4B-00C04F79EFBC}") = "DABugTracker", "DABugTracker.csproj", "{F3338743-C11C-44D8-8042-208A2C041623}"
EndProject
Global
	GlobalSection(SolutionConfigurationPlatforms) = preSolution
		Debug|Any CPU = Debug|Any CPU
		Release|Any CPU = Release|Any CPU
	EndGlobalSection
	GlobalSection(ProjectConfigurationPlatforms) = postSolution
		{F3338743-C11C-44D8-8042-208A2C041623}.Debug|Any CPU.ActiveCfg = Debug|Any CPU
		{F3338743-C11C-44D8-8042-208A2C041623}.Debug|Any CPU.Build.0 = Debug|Any CPU
		{F3338743-C11C-44D8-8042-208A2C041623}.Release|Any CPU.ActiveCfg = Release|Any CPU
		{F3338743-C11C-44D8-8042-208A2C041623}.Release|Any CPU.Build.0 = Release|Any CPU
	EndGlobalSection
	GlobalSection(SolutionProperties) = preSolution
		HideSolutionNode = FALSE
	EndGlobalSection
	GlobalSection(ExtensibilityGlobals) = postSolution
		SolutionGuid = {3BFEF34B-F63C-45FC-960F-7A7419FA7FBE}
	EndGlobalSection
EndGlobal
